
Microsoft Visual Studio Solution File, Format Version 12.00
# Visual Studio Version 16
VisualStudioVersion = 16.0.810.13
MinimumVisualStudioVersion = 10.0.40219.1
Project("{FAE04EC0-301F-11D3-BF4B-00C04F79EFBC}") = "CoreMVCDemo", "CoreMVCDemo\CoreMVCDemo.csproj", "{222B6FF7-EB25-4ABF-8552-F68E3596A636}"
EndProject
Global
	GlobalSection(SolutionConfigurationPlatforms) = preSolution
		Debug|Any CPU = Debug|Any CPU
		Release|Any CPU = Release|Any CPU
	EndGlobalSection
	GlobalSection(ProjectConfigurationPlatforms) = postSolution
		{222B6FF7-EB25-4ABF-8552-F68E3596A636}.Debug|Any CPU.ActiveCfg = Debug|Any CPU
		{222B6FF7-EB25-4ABF-8552-F68E3596A636}.Debug|Any CPU.Build.0 = Debug|Any CPU
		{222B6FF7-EB25-4ABF-8552-F68E3596A636}.Release|Any CPU.ActiveCfg = Release|Any CPU
		{222B6FF7-EB25-4ABF-8552-F68E3596A636}.Release|Any CPU.Build.0 = Release|Any CPU
	EndGlobalSection
	GlobalSection(SolutionProperties) = preSolution
		HideSolutionNode = FALSE
	EndGlobalSection
	GlobalSection(ExtensibilityGlobals) = postSolution
		SolutionGuid = {C4B4642E-B75B-4006-BF7A-D27FF79427D4}
	EndGlobalSection
EndGlobal
